// !$*UTF8*$!
{
	archiveVersion = 1;
	classes = {
	};
	objectVersion = 50;
	objects = {

/* Begin PBXBuildFile section */
		D9863D74225FEBBD00F7C722 /* AppDelegate.swift in Sources */ = {isa = PBXBuildFile; fileRef = D9863D73225FEBBD00F7C722 /* AppDelegate.swift */; };
		D9863D76225FEBBD00F7C722 /* ViewController.swift in Sources */ = {isa = PBXBuildFile; fileRef = D9863D75225FEBBD00F7C722 /* ViewController.swift */; };
		D9863D79225FEBBD00F7C722 /* Main.storyboard in Resources */ = {isa = PBXBuildFile; fileRef = D9863D77225FEBBD00F7C722 /* Main.storyboard */; };
		D9863D7B225FEBC000F7C722 /* Assets.xcassets in Resources */ = {isa = PBXBuildFile; fileRef = D9863D7A225FEBC000F7C722 /* Assets.xcassets */; };
		D9863D7E225FEBC000F7C722 /* LaunchScreen.storyboard in Resources */ = {isa = PBXBuildFile; fileRef = D9863D7C225FEBC000F7C722 /* LaunchScreen.storyboard */; };
		D9863D89225FEBC000F7C722 /* MasterFlagTests.swift in Sources */ = {isa = PBXBuildFile; fileRef = D9863D88225FEBC000F7C722 /* MasterFlagTests.swift */; };
		D9863D94225FEBC000F7C722 /* MasterFlagUITests.swift in Sources */ = {isa = PBXBuildFile; fileRef = D9863D93225FEBC000F7C722 /* MasterFlagUITests.swift */; };
		D9863DA2225FF17000F7C722 /* countries.txt in Resources */ = {isa = PBXBuildFile; fileRef = D9863DA1225FF17000F7C722 /* countries.txt */; };
		D9863DA42260000700F7C722 /* ExtensionUIView.swift in Sources */ = {isa = PBXBuildFile; fileRef = D9863DA32260000700F7C722 /* ExtensionUIView.swift */; };
		D9863DA622600FA600F7C722 /* GameView.swift in Sources */ = {isa = PBXBuildFile; fileRef = D9863DA522600FA600F7C722 /* GameView.swift */; };
		D9863DA8226016D500F7C722 /* GameViewController + ActionHandler.swift in Sources */ = {isa = PBXBuildFile; fileRef = D9863DA7226016D500F7C722 /* GameViewController + ActionHandler.swift */; };
		D9863DAA22601BBA00F7C722 /* ExtensionUserDefault.swift in Sources */ = {isa = PBXBuildFile; fileRef = D9863DA922601BBA00F7C722 /* ExtensionUserDefault.swift */; };
		D9863DAC226040A600F7C722 /* ExtensionViewController.swift in Sources */ = {isa = PBXBuildFile; fileRef = D9863DAB226040A600F7C722 /* ExtensionViewController.swift */; };
		D9863DB3226045DC00F7C722 /* PauseViewController.swift in Sources */ = {isa = PBXBuildFile; fileRef = D9863DB2226045DC00F7C722 /* PauseViewController.swift */; };
		D9F4F5442265327200B8AFD8 /* PauseView.swift in Sources */ = {isa = PBXBuildFile; fileRef = D9F4F5432265327200B8AFD8 /* PauseView.swift */; };
/* End PBXBuildFile section */

/* Begin PBXContainerItemProxy section */
		D9863D85225FEBC000F7C722 /* PBXContainerItemProxy */ = {
			isa = PBXContainerItemProxy;
			containerPortal = D9863D68225FEBBD00F7C722 /* Project object */;
			proxyType = 1;
			remoteGlobalIDString = D9863D6F225FEBBD00F7C722;
			remoteInfo = MasterFlag;
		};
		D9863D90225FEBC000F7C722 /* PBXContainerItemProxy */ = {
			isa = PBXContainerItemProxy;
			containerPortal = D9863D68225FEBBD00F7C722 /* Project object */;
			proxyType = 1;
			remoteGlobalIDString = D9863D6F225FEBBD00F7C722;
			remoteInfo = MasterFlag;
		};
/* End PBXContainerItemProxy section */

/* Begin PBXFileReference section */
		D9863D70225FEBBD00F7C722 /* MasterFlag.app */ = {isa = PBXFileReference; explicitFileType = wrapper.application; includeInIndex = 0; path = MasterFlag.app; sourceTree = BUILT_PRODUCTS_DIR; };
		D9863D73225FEBBD00F7C722 /* AppDelegate.swift */ = {isa = PBXFileReference; lastKnownFileType = sourcecode.swift; path = AppDelegate.swift; sourceTree = "<group>"; };
		D9863D75225FEBBD00F7C722 /* ViewController.swift */ = {isa = PBXFileReference; lastKnownFileType = sourcecode.swift; path = ViewController.swift; sourceTree = "<group>"; };
		D9863D78225FEBBD00F7C722 /* Base */ = {isa = PBXFileReference; lastKnownFileType = file.storyboard; name = Base; path = Base.lproj/Main.storyboard; sourceTree = "<group>"; };
		D9863D7A225FEBC000F7C722 /* Assets.xcassets */ = {isa = PBXFileReference; lastKnownFileType = folder.assetcatalog; path = Assets.xcassets; sourceTree = "<group>"; };
		D9863D7D225FEBC000F7C722 /* Base */ = {isa = PBXFileReference; lastKnownFileType = file.storyboard; name = Base; path = Base.lproj/LaunchScreen.storyboard; sourceTree = "<group>"; };
		D9863D7F225FEBC000F7C722 /* Info.plist */ = {isa = PBXFileReference; lastKnownFileType = text.plist.xml; path = Info.plist; sourceTree = "<group>"; };
		D9863D84225FEBC000F7C722 /* MasterFlagTests.xctest */ = {isa = PBXFileReference; explicitFileType = wrapper.cfbundle; includeInIndex = 0; path = MasterFlagTests.xctest; sourceTree = BUILT_PRODUCTS_DIR; };
		D9863D88225FEBC000F7C722 /* MasterFlagTests.swift */ = {isa = PBXFileReference; lastKnownFileType = sourcecode.swift; path = MasterFlagTests.swift; sourceTree = "<group>"; };
		D9863D8A225FEBC000F7C722 /* Info.plist */ = {isa = PBXFileReference; lastKnownFileType = text.plist.xml; path = Info.plist; sourceTree = "<group>"; };
		D9863D8F225FEBC000F7C722 /* MasterFlagUITests.xctest */ = {isa = PBXFileReference; explicitFileType = wrapper.cfbundle; includeInIndex = 0; path = MasterFlagUITests.xctest; sourceTree = BUILT_PRODUCTS_DIR; };
		D9863D93225FEBC000F7C722 /* MasterFlagUITests.swift */ = {isa = PBXFileReference; lastKnownFileType = sourcecode.swift; path = MasterFlagUITests.swift; sourceTree = "<group>"; };
		D9863D95225FEBC000F7C722 /* Info.plist */ = {isa = PBXFileReference; lastKnownFileType = text.plist.xml; path = Info.plist; sourceTree = "<group>"; };
		D9863DA1225FF17000F7C722 /* countries.txt */ = {isa = PBXFileReference; fileEncoding = 4; lastKnownFileType = text; path = countries.txt; sourceTree = "<group>"; };
		D9863DA32260000700F7C722 /* ExtensionUIView.swift */ = {isa = PBXFileReference; lastKnownFileType = sourcecode.swift; path = ExtensionUIView.swift; sourceTree = "<group>"; };
		D9863DA522600FA600F7C722 /* GameView.swift */ = {isa = PBXFileReference; lastKnownFileType = sourcecode.swift; path = GameView.swift; sourceTree = "<group>"; };
		D9863DA7226016D500F7C722 /* GameViewController + ActionHandler.swift */ = {isa = PBXFileReference; lastKnownFileType = sourcecode.swift; path = "GameViewController + ActionHandler.swift"; sourceTree = "<group>"; };
		D9863DA922601BBA00F7C722 /* ExtensionUserDefault.swift */ = {isa = PBXFileReference; lastKnownFileType = sourcecode.swift; path = ExtensionUserDefault.swift; sourceTree = "<group>"; };
		D9863DAB226040A600F7C722 /* ExtensionViewController.swift */ = {isa = PBXFileReference; lastKnownFileType = sourcecode.swift; path = ExtensionViewController.swift; sourceTree = "<group>"; };
		D9863DB2226045DC00F7C722 /* PauseViewController.swift */ = {isa = PBXFileReference; lastKnownFileType = sourcecode.swift; path = PauseViewController.swift; sourceTree = "<group>"; };
		D9F4F5432265327200B8AFD8 /* PauseView.swift */ = {isa = PBXFileReference; fileEncoding = 4; lastKnownFileType = sourcecode.swift; path = PauseView.swift; sourceTree = "<group>"; };
/* End PBXFileReference section */

/* Begin PBXFrameworksBuildPhase section */
		D9863D6D225FEBBD00F7C722 /* Frameworks */ = {
			isa = PBXFrameworksBuildPhase;
			buildActionMask = 2147483647;
			files = (
			);
			runOnlyForDeploymentPostprocessing = 0;
		};
		D9863D81225FEBC000F7C722 /* Frameworks */ = {
			isa = PBXFrameworksBuildPhase;
			buildActionMask = 2147483647;
			files = (
			);
			runOnlyForDeploymentPostprocessing = 0;
		};
		D9863D8C225FEBC000F7C722 /* Frameworks */ = {
			isa = PBXFrameworksBuildPhase;
			buildActionMask = 2147483647;
			files = (
			);
			runOnlyForDeploymentPostprocessing = 0;
		};
/* End PBXFrameworksBuildPhase section */

/* Begin PBXGroup section */
		D9863D67225FEBBD00F7C722 = {
			isa = PBXGroup;
			children = (
				D9863D72225FEBBD00F7C722 /* MasterFlag */,
				D9863D87225FEBC000F7C722 /* MasterFlagTests */,
				D9863D92225FEBC000F7C722 /* MasterFlagUITests */,
				D9863D71225FEBBD00F7C722 /* Products */,
			);
			sourceTree = "<group>";
		};
		D9863D71225FEBBD00F7C722 /* Products */ = {
			isa = PBXGroup;
			children = (
				D9863D70225FEBBD00F7C722 /* MasterFlag.app */,
				D9863D84225FEBC000F7C722 /* MasterFlagTests.xctest */,
				D9863D8F225FEBC000F7C722 /* MasterFlagUITests.xctest */,
			);
			name = Products;
			sourceTree = "<group>";
		};
		D9863D72225FEBBD00F7C722 /* MasterFlag */ = {
			isa = PBXGroup;
			children = (
				D9863DAF2260434200F7C722 /* Views */,
				D9863DAE2260433200F7C722 /* ViewControllers */,
				D9863D73225FEBBD00F7C722 /* AppDelegate.swift */,
				D9863D77225FEBBD00F7C722 /* Main.storyboard */,
				D9863DA1225FF17000F7C722 /* countries.txt */,
				D9863D7A225FEBC000F7C722 /* Assets.xcassets */,
				D9863D7C225FEBC000F7C722 /* LaunchScreen.storyboard */,
				D9863D7F225FEBC000F7C722 /* Info.plist */,
				D9863DA32260000700F7C722 /* ExtensionUIView.swift */,
				D9863DA922601BBA00F7C722 /* ExtensionUserDefault.swift */,
				D9863DAB226040A600F7C722 /* ExtensionViewController.swift */,
			);
			path = MasterFlag;
			sourceTree = "<group>";
		};
		D9863D87225FEBC000F7C722 /* MasterFlagTests */ = {
			isa = PBXGroup;
			children = (
				D9863D88225FEBC000F7C722 /* MasterFlagTests.swift */,
				D9863D8A225FEBC000F7C722 /* Info.plist */,
			);
			path = MasterFlagTests;
			sourceTree = "<group>";
		};
		D9863D92225FEBC000F7C722 /* MasterFlagUITests */ = {
			isa = PBXGroup;
			children = (
				D9863D93225FEBC000F7C722 /* MasterFlagUITests.swift */,
				D9863D95225FEBC000F7C722 /* Info.plist */,
			);
			path = MasterFlagUITests;
			sourceTree = "<group>";
		};
		D9863DAD2260431600F7C722 /* FlagViewController */ = {
			isa = PBXGroup;
			children = (
				D9863D75225FEBBD00F7C722 /* ViewController.swift */,
				D9863DA7226016D500F7C722 /* GameViewController + ActionHandler.swift */,
			);
			path = FlagViewController;
			sourceTree = "<group>";
		};
		D9863DAE2260433200F7C722 /* ViewControllers */ = {
			isa = PBXGroup;
			children = (
				D9863DAD2260431600F7C722 /* FlagViewController */,
				D9863DB2226045DC00F7C722 /* PauseViewController.swift */,
			);
			path = ViewControllers;
			sourceTree = "<group>";
		};
		D9863DAF2260434200F7C722 /* Views */ = {
			isa = PBXGroup;
			children = (
				D9863DA522600FA600F7C722 /* GameView.swift */,
				D9F4F5432265327200B8AFD8 /* PauseView.swift */,
			);
			path = Views;
			sourceTree = "<group>";
		};
/* End PBXGroup section */

/* Begin PBXNativeTarget section */
		D9863D6F225FEBBD00F7C722 /* MasterFlag */ = {
			isa = PBXNativeTarget;
			buildConfigurationList = D9863D98225FEBC000F7C722 /* Build configuration list for PBXNativeTarget "MasterFlag" */;
			buildPhases = (
				D9863D6C225FEBBD00F7C722 /* Sources */,
				D9863D6D225FEBBD00F7C722 /* Frameworks */,
				D9863D6E225FEBBD00F7C722 /* Resources */,
			);
			buildRules = (
			);
			dependencies = (
			);
			name = MasterFlag;
			productName = MasterFlag;
			productReference = D9863D70225FEBBD00F7C722 /* MasterFlag.app */;
			productType = "com.apple.product-type.application";
		};
		D9863D83225FEBC000F7C722 /* MasterFlagTests */ = {
			isa = PBXNativeTarget;
			buildConfigurationList = D9863D9B225FEBC000F7C722 /* Build configuration list for PBXNativeTarget "MasterFlagTests" */;
			buildPhases = (
				D9863D80225FEBC000F7C722 /* Sources */,
				D9863D81225FEBC000F7C722 /* Frameworks */,
				D9863D82225FEBC000F7C722 /* Resources */,
			);
			buildRules = (
			);
			dependencies = (
				D9863D86225FEBC000F7C722 /* PBXTargetDependency */,
			);
			name = MasterFlagTests;
			productName = MasterFlagTests;
			productReference = D9863D84225FEBC000F7C722 /* MasterFlagTests.xctest */;
			productType = "com.apple.product-type.bundle.unit-test";
		};
		D9863D8E225FEBC000F7C722 /* MasterFlagUITests */ = {
			isa = PBXNativeTarget;
			buildConfigurationList = D9863D9E225FEBC000F7C722 /* Build configuration list for PBXNativeTarget "MasterFlagUITests" */;
			buildPhases = (
				D9863D8B225FEBC000F7C722 /* Sources */,
				D9863D8C225FEBC000F7C722 /* Frameworks */,
				D9863D8D225FEBC000F7C722 /* Resources */,
			);
			buildRules = (
			);
			dependencies = (
				D9863D91225FEBC000F7C722 /* PBXTargetDependency */,
			);
			name = MasterFlagUITests;
			productName = MasterFlagUITests;
			productReference = D9863D8F225FEBC000F7C722 /* MasterFlagUITests.xctest */;
			productType = "com.apple.product-type.bundle.ui-testing";
		};
/* End PBXNativeTarget section */

/* Begin PBXProject section */
		D9863D68225FEBBD00F7C722 /* Project object */ = {
			isa = PBXProject;
			attributes = {
				LastSwiftUpdateCheck = 1010;
				LastUpgradeCheck = 1010;
				ORGANIZATIONNAME = Apo;
				TargetAttributes = {
					D9863D6F225FEBBD00F7C722 = {
						CreatedOnToolsVersion = 10.1;
					};
					D9863D83225FEBC000F7C722 = {
						CreatedOnToolsVersion = 10.1;
						TestTargetID = D9863D6F225FEBBD00F7C722;
					};
					D9863D8E225FEBC000F7C722 = {
						CreatedOnToolsVersion = 10.1;
						TestTargetID = D9863D6F225FEBBD00F7C722;
					};
				};
			};
			buildConfigurationList = D9863D6B225FEBBD00F7C722 /* Build configuration list for PBXProject "MasterFlag" */;
			compatibilityVersion = "Xcode 9.3";
			developmentRegion = en;
			hasScannedForEncodings = 0;
			knownRegions = (
				en,
				Base,
			);
			mainGroup = D9863D67225FEBBD00F7C722;
			productRefGroup = D9863D71225FEBBD00F7C722 /* Products */;
			projectDirPath = "";
			projectRoot = "";
			targets = (
				D9863D6F225FEBBD00F7C722 /* MasterFlag */,
				D9863D83225FEBC000F7C722 /* MasterFlagTests */,
				D9863D8E225FEBC000F7C722 /* MasterFlagUITests */,
			);
		};
/* End PBXProject section */

/* Begin PBXResourcesBuildPhase section */
		D9863D6E225FEBBD00F7C722 /* Resources */ = {
			isa = PBXResourcesBuildPhase;
			buildActionMask = 2147483647;
			files = (
				D9863D7E225FEBC000F7C722 /* LaunchScreen.storyboard in Resources */,
				D9863D7B225FEBC000F7C722 /* Assets.xcassets in Resources */,
				D9863D79225FEBBD00F7C722 /* Main.storyboard in Resources */,
				D9863DA2225FF17000F7C722 /* countries.txt in Resources */,
			);
			runOnlyForDeploymentPostprocessing = 0;
		};
		D9863D82225FEBC000F7C722 /* Resources */ = {
			isa = PBXResourcesBuildPhase;
			buildActionMask = 2147483647;
			files = (
			);
			runOnlyForDeploymentPostprocessing = 0;
		};
		D9863D8D225FEBC000F7C722 /* Resources */ = {
			isa = PBXResourcesBuildPhase;
			buildActionMask = 2147483647;
			files = (
			);
			runOnlyForDeploymentPostprocessing = 0;
		};
/* End PBXResourcesBuildPhase section */

/* Begin PBXSourcesBuildPhase section */
		D9863D6C225FEBBD00F7C722 /* Sources */ = {
			isa = PBXSourcesBuildPhase;
			buildActionMask = 2147483647;
			files = (
				D9863DA42260000700F7C722 /* ExtensionUIView.swift in Sources */,
				D9863D76225FEBBD00F7C722 /* ViewController.swift in Sources */,
				D9863DA622600FA600F7C722 /* GameView.swift in Sources */,
				D9863D74225FEBBD00F7C722 /* AppDelegate.swift in Sources */,
				D9863DA8226016D500F7C722 /* GameViewController + ActionHandler.swift in Sources */,
				D9863DAA22601BBA00F7C722 /* ExtensionUserDefault.swift in Sources */,
				D9F4F5442265327200B8AFD8 /* PauseView.swift in Sources */,
				D9863DAC226040A600F7C722 /* ExtensionViewController.swift in Sources */,
				D9863DB3226045DC00F7C722 /* PauseViewController.swift in Sources */,
			);
			runOnlyForDeploymentPostprocessing = 0;
		};
		D9863D80225FEBC000F7C722 /* Sources */ = {
			isa = PBXSourcesBuildPhase;
			buildActionMask = 2147483647;
			files = (
				D9863D89225FEBC000F7C722 /* MasterFlagTests.swift in Sources */,
			);
			runOnlyForDeploymentPostprocessing = 0;
		};
		D9863D8B225FEBC000F7C722 /* Sources */ = {
			isa = PBXSourcesBuildPhase;
			buildActionMask = 2147483647;
			files = (
				D9863D94225FEBC000F7C722 /* MasterFlagUITests.swift in Sources */,
			);
			runOnlyForDeploymentPostprocessing = 0;
		};
/* End PBXSourcesBuildPhase section */

/* Begin PBXTargetDependency section */
		D9863D86225FEBC000F7C722 /* PBXTargetDependency */ = {
			isa = PBXTargetDependency;
			target = D9863D6F225FEBBD00F7C722 /* MasterFlag */;
			targetProxy = D9863D85225FEBC000F7C722 /* PBXContainerItemProxy */;
		};
		D9863D91225FEBC000F7C722 /* PBXTargetDependency */ = {
			isa = PBXTargetDependency;
			target = D9863D6F225FEBBD00F7C722 /* MasterFlag */;
			targetProxy = D9863D90225FEBC000F7C722 /* PBXContainerItemProxy */;
		};
/* End PBXTargetDependency section */

/* Begin PBXVariantGroup section */
		D9863D77225FEBBD00F7C722 /* Main.storyboard */ = {
			isa = PBXVariantGroup;
			children = (
				D9863D78225FEBBD00F7C722 /* Base */,
			);
			name = Main.storyboard;
			sourceTree = "<group>";
		};
		D9863D7C225FEBC000F7C722 /* LaunchScreen.storyboard */ = {
			isa = PBXVariantGroup;
			children = (
				D9863D7D225FEBC000F7C722 /* Base */,
			);
			name = LaunchScreen.storyboard;
			sourceTree = "<group>";
		};
/* End PBXVariantGroup section */

/* Begin XCBuildConfiguration section */
		D9863D96225FEBC000F7C722 /* Debug */ = {
			isa = XCBuildConfiguration;
			buildSettings = {
				ALWAYS_SEARCH_USER_PATHS = NO;
				CLANG_ANALYZER_NONNULL = YES;
				CLANG_ANALYZER_NUMBER_OBJECT_CONVERSION = YES_AGGRESSIVE;
				CLANG_CXX_LANGUAGE_STANDARD = "gnu++14";
				CLANG_CXX_LIBRARY = "libc++";
				CLANG_ENABLE_MODULES = YES;
				CLANG_ENABLE_OBJC_ARC = YES;
				CLANG_ENABLE_OBJC_WEAK = YES;
				CLANG_WARN_BLOCK_CAPTURE_AUTORELEASING = YES;
				CLANG_WARN_BOOL_CONVERSION = YES;
				CLANG_WARN_COMMA = YES;
				CLANG_WARN_CONSTANT_CONVERSION = YES;
				CLANG_WARN_DEPRECATED_OBJC_IMPLEMENTATIONS = YES;
				CLANG_WARN_DIRECT_OBJC_ISA_USAGE = YES_ERROR;
				CLANG_WARN_DOCUMENTATION_COMMENTS = YES;
				CLANG_WARN_EMPTY_BODY = YES;
				CLANG_WARN_ENUM_CONVERSION = YES;
				CLANG_WARN_INFINITE_RECURSION = YES;
				CLANG_WARN_INT_CONVERSION = YES;
				CLANG_WARN_NON_LITERAL_NULL_CONVERSION = YES;
				CLANG_WARN_OBJC_IMPLICIT_RETAIN_SELF = YES;
				CLANG_WARN_OBJC_LITERAL_CONVERSION = YES;
				CLANG_WARN_OBJC_ROOT_CLASS = YES_ERROR;
				CLANG_WARN_RANGE_LOOP_ANALYSIS = YES;
				CLANG_WARN_STRICT_PROTOTYPES = YES;
				CLANG_WARN_SUSPICIOUS_MOVE = YES;
				CLANG_WARN_UNGUARDED_AVAILABILITY = YES_AGGRESSIVE;
				CLANG_WARN_UNREACHABLE_CODE = YES;
				CLANG_WARN__DUPLICATE_METHOD_MATCH = YES;
				CODE_SIGN_IDENTITY = "iPhone Developer";
				COPY_PHASE_STRIP = NO;
				DEBUG_INFORMATION_FORMAT = dwarf;
				ENABLE_STRICT_OBJC_MSGSEND = YES;
				ENABLE_TESTABILITY = YES;
				GCC_C_LANGUAGE_STANDARD = gnu11;
				GCC_DYNAMIC_NO_PIC = NO;
				GCC_NO_COMMON_BLOCKS = YES;
				GCC_OPTIMIZATION_LEVEL = 0;
				GCC_PREPROCESSOR_DEFINITIONS = (
					"DEBUG=1",
					"$(inherited)",
				);
				GCC_WARN_64_TO_32_BIT_CONVERSION = YES;
				GCC_WARN_ABOUT_RETURN_TYPE = YES_ERROR;
				GCC_WARN_UNDECLARED_SELECTOR = YES;
				GCC_WARN_UNINITIALIZED_AUTOS = YES_AGGRESSIVE;
				GCC_WARN_UNUSED_FUNCTION = YES;
				GCC_WARN_UNUSED_VARIABLE = YES;
				IPHONEOS_DEPLOYMENT_TARGET = 12.1;
				MTL_ENABLE_DEBUG_INFO = INCLUDE_SOURCE;
				MTL_FAST_MATH = YES;
				ONLY_ACTIVE_ARCH = YES;
				SDKROOT = iphoneos;
				SWIFT_ACTIVE_COMPILATION_CONDITIONS = DEBUG;
				SWIFT_OPTIMIZATION_LEVEL = "-Onone";
			};
			name = Debug;
		};
		D9863D97225FEBC000F7C722 /* Release */ = {
			isa = XCBuildConfiguration;
			buildSettings = {
				ALWAYS_SEARCH_USER_PATHS = NO;
				CLANG_ANALYZER_NONNULL = YES;
				CLANG_ANALYZER_NUMBER_OBJECT_CONVERSION = YES_AGGRESSIVE;
				CLANG_CXX_LANGUAGE_STANDARD = "gnu++14";
				CLANG_CXX_LIBRARY = "libc++";
				CLANG_ENABLE_MODULES = YES;
				CLANG_ENABLE_OBJC_ARC = YES;
				CLANG_ENABLE_OBJC_WEAK = YES;
				CLANG_WARN_BLOCK_CAPTURE_AUTORELEASING = YES;
				CLANG_WARN_BOOL_CONVERSION = YES;
				CLANG_WARN_COMMA = YES;
				CLANG_WARN_CONSTANT_CONVERSION = YES;
				CLANG_WARN_DEPRECATED_OBJC_IMPLEMENTATIONS = YES;
				CLANG_WARN_DIRECT_OBJC_ISA_USAGE = YES_ERROR;
				CLANG_WARN_DOCUMENTATION_COMMENTS = YES;
				CLANG_WARN_EMPTY_BODY = YES;
				CLANG_WARN_ENUM_CONVERSION = YES;
				CLANG_WARN_INFINITE_RECURSION = YES;
				CLANG_WARN_INT_CONVERSION = YES;
				CLANG_WARN_NON_LITERAL_NULL_CONVERSION = YES;
				CLANG_WARN_OBJC_IMPLICIT_RETAIN_SELF = YES;
				CLANG_WARN_OBJC_LITERAL_CONVERSION = YES;
				CLANG_WARN_OBJC_ROOT_CLASS = YES_ERROR;
				CLANG_WARN_RANGE_LOOP_ANALYSIS = YES;
				CLANG_WARN_STRICT_PROTOTYPES = YES;
				CLANG_WARN_SUSPICIOUS_MOVE = YES;
				CLANG_WARN_UNGUARDED_AVAILABILITY = YES_AGGRESSIVE;
				CLANG_WARN_UNREACHABLE_CODE = YES;
				CLANG_WARN__DUPLICATE_METHOD_MATCH = YES;
				CODE_SIGN_IDENTITY = "iPhone Developer";
				COPY_PHASE_STRIP = NO;
				DEBUG_INFORMATION_FORMAT = "dwarf-with-dsym";
				ENABLE_NS_ASSERTIONS = NO;
				ENABLE_STRICT_OBJC_MSGSEND = YES;
				GCC_C_LANGUAGE_STANDARD = gnu11;
				GCC_NO_COMMON_BLOCKS = YES;
				GCC_WARN_64_TO_32_BIT_CONVERSION = YES;
				GCC_WARN_ABOUT_RETURN_TYPE = YES_ERROR;
				GCC_WARN_UNDECLARED_SELECTOR = YES;
				GCC_WARN_UNINITIALIZED_AUTOS = YES_AGGRESSIVE;
				GCC_WARN_UNUSED_FUNCTION = YES;
				GCC_WARN_UNUSED_VARIABLE = YES;
				IPHONEOS_DEPLOYMENT_TARGET = 12.1;
				MTL_ENABLE_DEBUG_INFO = NO;
				MTL_FAST_MATH = YES;
				SDKROOT = iphoneos;
				SWIFT_COMPILATION_MODE = wholemodule;
				SWIFT_OPTIMIZATION_LEVEL = "-O";
				VALIDATE_PRODUCT = YES;
			};
			name = Release;
		};
		D9863D99225FEBC000F7C722 /* Debug */ = {
			isa = XCBuildConfiguration;
			buildSettings = {
				ASSETCATALOG_COMPILER_APPICON_NAME = AppIcon;
				CODE_SIGN_IDENTITY = "iPhone Developer";
				CODE_SIGN_STYLE = Automatic;
				DEVELOPMENT_TEAM = FY6UXBE4A4;
				INFOPLIST_FILE = MasterFlag/Info.plist;
				IPHONEOS_DEPLOYMENT_TARGET = 12.1;
				LD_RUNPATH_SEARCH_PATHS = (
					"$(inherited)",
					"@executable_path/Frameworks",
				);
				PRODUCT_BUNDLE_IDENTIFIER = com.codemachinist.MasterFlag;
				PRODUCT_NAME = "$(TARGET_NAME)";
				PROVISIONING_PROFILE_SPECIFIER = "";
				SWIFT_VERSION = 4.2;
				TARGETED_DEVICE_FAMILY = "1,2";
			};
			name = Debug;
		};
		D9863D9A225FEBC000F7C722 /* Release */ = {
			isa = XCBuildConfiguration;
			buildSettings = {
				ASSETCATALOG_COMPILER_APPICON_NAME = AppIcon;
				CODE_SIGN_IDENTITY = "iPhone Developer";
				CODE_SIGN_STYLE = Automatic;
				DEVELOPMENT_TEAM = FY6UXBE4A4;
				INFOPLIST_FILE = MasterFlag/Info.plist;
				IPHONEOS_DEPLOYMENT_TARGET = 12.1;
				LD_RUNPATH_SEARCH_PATHS = (
					"$(inherited)",
					"@executable_path/Frameworks",
				);
				PRODUCT_BUNDLE_IDENTIFIER = com.codemachinist.MasterFlag;
				PRODUCT_NAME = "$(TARGET_NAME)";
				PROVISIONING_PROFILE_SPECIFIER = "";
				SWIFT_VERSION = 4.2;
				TARGETED_DEVICE_FAMILY = "1,2";
			};
			name = Release;
		};
		D9863D9C225FEBC000F7C722 /* Debug */ = {
			isa = XCBuildConfiguration;
			buildSettings = {
				ALWAYS_EMBED_SWIFT_STANDARD_LIBRARIES = YES;
				BUNDLE_LOADER = "$(TEST_HOST)";
				CODE_SIGN_STYLE = Automatic;
				INFOPLIST_FILE = MasterFlagTests/Info.plist;
				LD_RUNPATH_SEARCH_PATHS = (
					"$(inherited)",
					"@executable_path/Frameworks",
					"@loader_path/Frameworks",
				);
				PRODUCT_BUNDLE_IDENTIFIER = learn.MasterFlagTests;
				PRODUCT_NAME = "$(TARGET_NAME)";
				SWIFT_VERSION = 4.2;
				TARGETED_DEVICE_FAMILY = "1,2";
				TEST_HOST = "$(BUILT_PRODUCTS_DIR)/MasterFlag.app/MasterFlag";
			};
			name = Debug;
		};
		D9863D9D225FEBC000F7C722 /* Release */ = {
			isa = XCBuildConfiguration;
			buildSettings = {
				ALWAYS_EMBED_SWIFT_STANDARD_LIBRARIES = YES;
				BUNDLE_LOADER = "$(TEST_HOST)";
				CODE_SIGN_STYLE = Automatic;
				INFOPLIST_FILE = MasterFlagTests/Info.plist;
				LD_RUNPATH_SEARCH_PATHS = (
					"$(inherited)",
					"@executable_path/Frameworks",
					"@loader_path/Frameworks",
				);
				PRODUCT_BUNDLE_IDENTIFIER = learn.MasterFlagTests;
				PRODUCT_NAME = "$(TARGET_NAME)";
				SWIFT_VERSION = 4.2;
				TARGETED_DEVICE_FAMILY = "1,2";
				TEST_HOST = "$(BUILT_PRODUCTS_DIR)/MasterFlag.app/MasterFlag";
			};
			name = Release;
		};
		D9863D9F225FEBC000F7C722 /* Debug */ = {
			isa = XCBuildConfiguration;
			buildSettings = {
				ALWAYS_EMBED_SWIFT_STANDARD_LIBRARIES = YES;
				CODE_SIGN_STYLE = Automatic;
				INFOPLIST_FILE = MasterFlagUITests/Info.plist;
				LD_RUNPATH_SEARCH_PATHS = (
					"$(inherited)",
					"@executable_path/Frameworks",
					"@loader_path/Frameworks",
				);
				PRODUCT_BUNDLE_IDENTIFIER = learn.MasterFlagUITests;
				PRODUCT_NAME = "$(TARGET_NAME)";
				SWIFT_VERSION = 4.2;
				TARGETED_DEVICE_FAMILY = "1,2";
				TEST_TARGET_NAME = MasterFlag;
			};
			name = Debug;
		};
		D9863DA0225FEBC000F7C722 /* Release */ = {
			isa = XCBuildConfiguration;
			buildSettings = {
				ALWAYS_EMBED_SWIFT_STANDARD_LIBRARIES = YES;
				CODE_SIGN_STYLE = Automatic;
				INFOPLIST_FILE = MasterFlagUITests/Info.plist;
				LD_RUNPATH_SEARCH_PATHS = (
					"$(inherited)",
					"@executable_path/Frameworks",
					"@loader_path/Frameworks",
				);
				PRODUCT_BUNDLE_IDENTIFIER = learn.MasterFlagUITests;
				PRODUCT_NAME = "$(TARGET_NAME)";
				SWIFT_VERSION = 4.2;
				TARGETED_DEVICE_FAMILY = "1,2";
				TEST_TARGET_NAME = MasterFlag;
			};
			name = Release;
		};
/* End XCBuildConfiguration section */

/* Begin XCConfigurationList section */
		D9863D6B225FEBBD00F7C722 /* Build configuration list for PBXProject "MasterFlag" */ = {
			isa = XCConfigurationList;
			buildConfigurations = (
				D9863D96225FEBC000F7C722 /* Debug */,
				D9863D97225FEBC000F7C722 /* Release */,
			);
			defaultConfigurationIsVisible = 0;
			defaultConfigurationName = Release;
		};
		D9863D98225FEBC000F7C722 /* Build configuration list for PBXNativeTarget "MasterFlag" */ = {
			isa = XCConfigurationList;
			buildConfigurations = (
				D9863D99225FEBC000F7C722 /* Debug */,
				D9863D9A225FEBC000F7C722 /* Release */,
			);
			defaultConfigurationIsVisible = 0;
			defaultConfigurationName = Release;
		};
		D9863D9B225FEBC000F7C722 /* Build configuration list for PBXNativeTarget "MasterFlagTests" */ = {
			isa = XCConfigurationList;
			buildConfigurations = (
				D9863D9C225FEBC000F7C722 /* Debug */,
				D9863D9D225FEBC000F7C722 /* Release */,
			);
			defaultConfigurationIsVisible = 0;
			defaultConfigurationName = Release;
		};
		D9863D9E225FEBC000F7C722 /* Build configuration list for PBXNativeTarget "MasterFlagUITests" */ = {
			isa = XCConfigurationList;
			buildConfigurations = (
				D9863D9F225FEBC000F7C722 /* Debug */,
				D9863DA0225FEBC000F7C722 /* Release */,
			);
			defaultConfigurationIsVisible = 0;
			defaultConfigurationName = Release;
		};
/* End XCConfigurationList section */
	};
	rootObject = D9863D68225FEBBD00F7C722 /* Project object */;
}
